
Microsoft Visual Studio Solution File, Format Version 12.00
# Visual Studio 15
VisualStudioVersion = 15.0.27703.2035
MinimumVisualStudioVersion = 10.0.40219.1
Project("{9A19103F-16F7-4668-BE54-9A1E7A4F7556}") = "Web.DesignAutomator", "DesignAutomator\Web.DesignAutomator.csproj", "{092B6349-6052-4ABA-9907-B69FDCE4207B}"
EndProject
Project("{2150E333-8FDC-42A3-9474-1A3956D46DE8}") = "Web", "Web", "{E2B5412A-8122-4FD0-9F16-BAFB02890FEF}"
EndProject
Project("{2150E333-8FDC-42A3-9474-1A3956D46DE8}") = "Application", "Application", "{03A0DE1F-EADF-4283-834A-9BCB62622D6A}"
EndProject
Project("{9A19103F-16F7-4668-BE54-9A1E7A4F7556}") = "Application.Modules", "Applications\Application.Modules.csproj", "{9AF276C4-3E8A-4383-8BBA-93B5AA0F0542}"
EndProject
Project("{9A19103F-16F7-4668-BE54-9A1E7A4F7556}") = "Application.Tests", "Tests\Application.Tests.csproj", "{B5DF70A2-203C-427F-B2B8-4FDECE7D7489}"
EndProject
Project("{2150E333-8FDC-42A3-9474-1A3956D46DE8}") = "Domain", "Domain", "{B303F79A-E6C2-44DA-ACBC-3F2F020C808F}"
EndProject
Project("{9A19103F-16F7-4668-BE54-9A1E7A4F7556}") = "Domain.Domains", "Domains\Domain.Domains.csproj", "{2F8E736D-F660-4C40-9D2D-A3A29D57557C}"
EndProject
Project("{9A19103F-16F7-4668-BE54-9A1E7A4F7556}") = "Domain.Tests", "DomainTests\Domain.Tests.csproj", "{FDD695DB-83CA-46A2-96A1-51641331D636}"
EndProject
Project("{2150E333-8FDC-42A3-9474-1A3956D46DE8}") = "Infrastructure", "Infrastructure", "{04F2213C-492C-49EE-A12A-B1F71FC229C5}"
EndProject
Project("{9A19103F-16F7-4668-BE54-9A1E7A4F7556}") = "Infrastructure.Database", "Database\Infrastructure.Database.csproj", "{68F4F2D4-B5B5-4B19-836D-A346484161E2}"
EndProject
Project("{9A19103F-16F7-4668-BE54-9A1E7A4F7556}") = "Infrastructure.EntityFrameworkCore", "EntityFrameworkCore\Infrastructure.EntityFrameworkCore.csproj", "{650D4AD2-84DB-4B2E-9A05-8DDA5FA32552}"
EndProject
Project("{9A19103F-16F7-4668-BE54-9A1E7A4F7556}") = "Infrastructure.Tests", "InfrastructureTests\Infrastructure.Tests.csproj", "{7A8806FE-BFCD-4190-9DB0-67C85DDEB6B1}"
EndProject
Project("{2150E333-8FDC-42A3-9474-1A3956D46DE8}") = "Model", "Model", "{E364F9E0-4588-454D-8BC5-5EAE7A251660}"
EndProject
Project("{9A19103F-16F7-4668-BE54-9A1E7A4F7556}") = "Model.Enums", "Enums\Model.Enums.csproj", "{C7236C4B-2155-46D0-B844-6380C11225E1}"
EndProject
Project("{9A19103F-16F7-4668-BE54-9A1E7A4F7556}") = "Model.Models", "Model.Models\Model.Models.csproj", "{7A567AA6-7924-435D-9C0D-8E763B4EF083}"
EndProject
Project("{9A19103F-16F7-4668-BE54-9A1E7A4F7556}") = "Model.Tests", "Model.Tests\Model.Tests.csproj", "{6CC2C271-4D77-4D45-A5ED-92126B8D089B}"
EndProject
Project("{2150E333-8FDC-42A3-9474-1A3956D46DE8}") = "CrossCutting", "CrossCutting", "{4021EAC8-DC24-49D5-8981-2375A32B36F6}"
EndProject
Project("{9A19103F-16F7-4668-BE54-9A1E7A4F7556}") = "CrossCutting.DependencyInjection", "DependencyInjection\CrossCutting.DependencyInjection.csproj", "{A45E0AFB-3674-4222-8015-347E24D41B3B}"
EndProject
Project("{9A19103F-16F7-4668-BE54-9A1E7A4F7556}") = "CrossCutting.Logging", "CrossCutting.Logging\CrossCutting.Logging.csproj", "{33C779B3-86D1-4F9A-BAA1-4B87ABCDD8E0}"
EndProject
Project("{9A19103F-16F7-4668-BE54-9A1E7A4F7556}") = "CrossCutting.Mapping", "CrossCutting.Mapping\CrossCutting.Mapping.csproj", "{37960569-15E9-4854-BBCB-FB8CEDC90397}"
EndProject
Project("{9A19103F-16F7-4668-BE54-9A1E7A4F7556}") = "CrossCutting.Security", "CrossCutting.Security\CrossCutting.Security.csproj", "{2301344F-EDF5-4BAA-90B8-C91C68DB9C66}"
EndProject
Project("{9A19103F-16F7-4668-BE54-9A1E7A4F7556}") = "CrossCutting.Tests", "CrossCutting.Tests\CrossCutting.Tests.csproj", "{09E7DEC7-E242-4FD3-AA23-675BE84F7473}"
EndProject
Project("{9A19103F-16F7-4668-BE54-9A1E7A4F7556}") = "CrossCutting.Utils", "CrossCutting.Utils\CrossCutting.Utils.csproj", "{443BB260-7847-432D-A9BF-C1EDDD5B836F}"
EndProject
Project("{2150E333-8FDC-42A3-9474-1A3956D46DE8}") = "SolutionElements", "SolutionElements", "{37C2640F-9A76-4A1E-9601-98ED2CF734E4}"
	ProjectSection(SolutionItems) = preProject
		DesignAutomator.ruleset = DesignAutomator.ruleset
		..\..\ArchitectureSample\DesignAutomatorSample\ReadMe.md = ..\..\ArchitectureSample\DesignAutomatorSample\ReadMe.md
	EndProjectSection
EndProject
Project("{9A19103F-16F7-4668-BE54-9A1E7A4F7556}") = "Model.ViewModels", "Model.ViewModels\Model.ViewModels.csproj", "{E4D5F7DF-CD85-4980-86FF-34F99FAE6D6B}"
EndProject
Project("{9A19103F-16F7-4668-BE54-9A1E7A4F7556}") = "CrossCutting.Resources", "CrossCutting.Resources\CrossCutting.Resources.csproj", "{C67F5118-7A46-4F0D-9F5A-6EDC638182FC}"
EndProject
Project("{FAE04EC0-301F-11D3-BF4B-00C04F79EFBC}") = "Model.Types", "Model.Types\Model.Types.csproj", "{EF6E4FD0-8085-495F-9012-007EF7B4A402}"
EndProject
Global
	GlobalSection(SolutionConfigurationPlatforms) = preSolution
		Debug|Any CPU = Debug|Any CPU
		Release|Any CPU = Release|Any CPU
	EndGlobalSection
	GlobalSection(ProjectConfigurationPlatforms) = postSolution
		{092B6349-6052-4ABA-9907-B69FDCE4207B}.Debug|Any CPU.ActiveCfg = Debug|Any CPU
		{092B6349-6052-4ABA-9907-B69FDCE4207B}.Debug|Any CPU.Build.0 = Debug|Any CPU
		{092B6349-6052-4ABA-9907-B69FDCE4207B}.Release|Any CPU.ActiveCfg = Release|Any CPU
		{092B6349-6052-4ABA-9907-B69FDCE4207B}.Release|Any CPU.Build.0 = Release|Any CPU
		{9AF276C4-3E8A-4383-8BBA-93B5AA0F0542}.Debug|Any CPU.ActiveCfg = Debug|Any CPU
		{9AF276C4-3E8A-4383-8BBA-93B5AA0F0542}.Debug|Any CPU.Build.0 = Debug|Any CPU
		{9AF276C4-3E8A-4383-8BBA-93B5AA0F0542}.Release|Any CPU.ActiveCfg = Release|Any CPU
		{9AF276C4-3E8A-4383-8BBA-93B5AA0F0542}.Release|Any CPU.Build.0 = Release|Any CPU
		{B5DF70A2-203C-427F-B2B8-4FDECE7D7489}.Debug|Any CPU.ActiveCfg = Debug|Any CPU
		{B5DF70A2-203C-427F-B2B8-4FDECE7D7489}.Debug|Any CPU.Build.0 = Debug|Any CPU
		{B5DF70A2-203C-427F-B2B8-4FDECE7D7489}.Release|Any CPU.ActiveCfg = Release|Any CPU
		{B5DF70A2-203C-427F-B2B8-4FDECE7D7489}.Release|Any CPU.Build.0 = Release|Any CPU
		{2F8E736D-F660-4C40-9D2D-A3A29D57557C}.Debug|Any CPU.ActiveCfg = Debug|Any CPU
		{2F8E736D-F660-4C40-9D2D-A3A29D57557C}.Debug|Any CPU.Build.0 = Debug|Any CPU
		{2F8E736D-F660-4C40-9D2D-A3A29D57557C}.Release|Any CPU.ActiveCfg = Release|Any CPU
		{2F8E736D-F660-4C40-9D2D-A3A29D57557C}.Release|Any CPU.Build.0 = Release|Any CPU
		{FDD695DB-83CA-46A2-96A1-51641331D636}.Debug|Any CPU.ActiveCfg = Debug|Any CPU
		{FDD695DB-83CA-46A2-96A1-51641331D636}.Debug|Any CPU.Build.0 = Debug|Any CPU
		{FDD695DB-83CA-46A2-96A1-51641331D636}.Release|Any CPU.ActiveCfg = Release|Any CPU
		{FDD695DB-83CA-46A2-96A1-51641331D636}.Release|Any CPU.Build.0 = Release|Any CPU
		{68F4F2D4-B5B5-4B19-836D-A346484161E2}.Debug|Any CPU.ActiveCfg = Debug|Any CPU
		{68F4F2D4-B5B5-4B19-836D-A346484161E2}.Debug|Any CPU.Build.0 = Debug|Any CPU
		{68F4F2D4-B5B5-4B19-836D-A346484161E2}.Release|Any CPU.ActiveCfg = Release|Any CPU
		{68F4F2D4-B5B5-4B19-836D-A346484161E2}.Release|Any CPU.Build.0 = Release|Any CPU
		{650D4AD2-84DB-4B2E-9A05-8DDA5FA32552}.Debug|Any CPU.ActiveCfg = Debug|Any CPU
		{650D4AD2-84DB-4B2E-9A05-8DDA5FA32552}.Debug|Any CPU.Build.0 = Debug|Any CPU
		{650D4AD2-84DB-4B2E-9A05-8DDA5FA32552}.Release|Any CPU.ActiveCfg = Release|Any CPU
		{650D4AD2-84DB-4B2E-9A05-8DDA5FA32552}.Release|Any CPU.Build.0 = Release|Any CPU
		{7A8806FE-BFCD-4190-9DB0-67C85DDEB6B1}.Debug|Any CPU.ActiveCfg = Debug|Any CPU
		{7A8806FE-BFCD-4190-9DB0-67C85DDEB6B1}.Debug|Any CPU.Build.0 = Debug|Any CPU
		{7A8806FE-BFCD-4190-9DB0-67C85DDEB6B1}.Release|Any CPU.ActiveCfg = Release|Any CPU
		{7A8806FE-BFCD-4190-9DB0-67C85DDEB6B1}.Release|Any CPU.Build.0 = Release|Any CPU
		{C7236C4B-2155-46D0-B844-6380C11225E1}.Debug|Any CPU.ActiveCfg = Debug|Any CPU
		{C7236C4B-2155-46D0-B844-6380C11225E1}.Debug|Any CPU.Build.0 = Debug|Any CPU
		{C7236C4B-2155-46D0-B844-6380C11225E1}.Release|Any CPU.ActiveCfg = Release|Any CPU
		{C7236C4B-2155-46D0-B844-6380C11225E1}.Release|Any CPU.Build.0 = Release|Any CPU
		{7A567AA6-7924-435D-9C0D-8E763B4EF083}.Debug|Any CPU.ActiveCfg = Debug|Any CPU
		{7A567AA6-7924-435D-9C0D-8E763B4EF083}.Debug|Any CPU.Build.0 = Debug|Any CPU
		{7A567AA6-7924-435D-9C0D-8E763B4EF083}.Release|Any CPU.ActiveCfg = Release|Any CPU
		{7A567AA6-7924-435D-9C0D-8E763B4EF083}.Release|Any CPU.Build.0 = Release|Any CPU
		{6CC2C271-4D77-4D45-A5ED-92126B8D089B}.Debug|Any CPU.ActiveCfg = Debug|Any CPU
		{6CC2C271-4D77-4D45-A5ED-92126B8D089B}.Debug|Any CPU.Build.0 = Debug|Any CPU
		{6CC2C271-4D77-4D45-A5ED-92126B8D089B}.Release|Any CPU.ActiveCfg = Release|Any CPU
		{6CC2C271-4D77-4D45-A5ED-92126B8D089B}.Release|Any CPU.Build.0 = Release|Any CPU
		{A45E0AFB-3674-4222-8015-347E24D41B3B}.Debug|Any CPU.ActiveCfg = Debug|Any CPU
		{A45E0AFB-3674-4222-8015-347E24D41B3B}.Debug|Any CPU.Build.0 = Debug|Any CPU
		{A45E0AFB-3674-4222-8015-347E24D41B3B}.Release|Any CPU.ActiveCfg = Release|Any CPU
		{A45E0AFB-3674-4222-8015-347E24D41B3B}.Release|Any CPU.Build.0 = Release|Any CPU
		{33C779B3-86D1-4F9A-BAA1-4B87ABCDD8E0}.Debug|Any CPU.ActiveCfg = Debug|Any CPU
		{33C779B3-86D1-4F9A-BAA1-4B87ABCDD8E0}.Debug|Any CPU.Build.0 = Debug|Any CPU
		{33C779B3-86D1-4F9A-BAA1-4B87ABCDD8E0}.Release|Any CPU.ActiveCfg = Release|Any CPU
		{33C779B3-86D1-4F9A-BAA1-4B87ABCDD8E0}.Release|Any CPU.Build.0 = Release|Any CPU
		{37960569-15E9-4854-BBCB-FB8CEDC90397}.Debug|Any CPU.ActiveCfg = Debug|Any CPU
		{37960569-15E9-4854-BBCB-FB8CEDC90397}.Debug|Any CPU.Build.0 = Debug|Any CPU
		{37960569-15E9-4854-BBCB-FB8CEDC90397}.Release|Any CPU.ActiveCfg = Release|Any CPU
		{37960569-15E9-4854-BBCB-FB8CEDC90397}.Release|Any CPU.Build.0 = Release|Any CPU
		{2301344F-EDF5-4BAA-90B8-C91C68DB9C66}.Debug|Any CPU.ActiveCfg = Debug|Any CPU
		{2301344F-EDF5-4BAA-90B8-C91C68DB9C66}.Debug|Any CPU.Build.0 = Debug|Any CPU
		{2301344F-EDF5-4BAA-90B8-C91C68DB9C66}.Release|Any CPU.ActiveCfg = Release|Any CPU
		{2301344F-EDF5-4BAA-90B8-C91C68DB9C66}.Release|Any CPU.Build.0 = Release|Any CPU
		{09E7DEC7-E242-4FD3-AA23-675BE84F7473}.Debug|Any CPU.ActiveCfg = Debug|Any CPU
		{09E7DEC7-E242-4FD3-AA23-675BE84F7473}.Debug|Any CPU.Build.0 = Debug|Any CPU
		{09E7DEC7-E242-4FD3-AA23-675BE84F7473}.Release|Any CPU.ActiveCfg = Release|Any CPU
		{09E7DEC7-E242-4FD3-AA23-675BE84F7473}.Release|Any CPU.Build.0 = Release|Any CPU
		{443BB260-7847-432D-A9BF-C1EDDD5B836F}.Debug|Any CPU.ActiveCfg = Debug|Any CPU
		{443BB260-7847-432D-A9BF-C1EDDD5B836F}.Debug|Any CPU.Build.0 = Debug|Any CPU
		{443BB260-7847-432D-A9BF-C1EDDD5B836F}.Release|Any CPU.ActiveCfg = Release|Any CPU
		{443BB260-7847-432D-A9BF-C1EDDD5B836F}.Release|Any CPU.Build.0 = Release|Any CPU
		{E4D5F7DF-CD85-4980-86FF-34F99FAE6D6B}.Debug|Any CPU.ActiveCfg = Debug|Any CPU
		{E4D5F7DF-CD85-4980-86FF-34F99FAE6D6B}.Debug|Any CPU.Build.0 = Debug|Any CPU
		{E4D5F7DF-CD85-4980-86FF-34F99FAE6D6B}.Release|Any CPU.ActiveCfg = Release|Any CPU
		{E4D5F7DF-CD85-4980-86FF-34F99FAE6D6B}.Release|Any CPU.Build.0 = Release|Any CPU
		{C67F5118-7A46-4F0D-9F5A-6EDC638182FC}.Debug|Any CPU.ActiveCfg = Debug|Any CPU
		{C67F5118-7A46-4F0D-9F5A-6EDC638182FC}.Debug|Any CPU.Build.0 = Debug|Any CPU
		{C67F5118-7A46-4F0D-9F5A-6EDC638182FC}.Release|Any CPU.ActiveCfg = Release|Any CPU
		{C67F5118-7A46-4F0D-9F5A-6EDC638182FC}.Release|Any CPU.Build.0 = Release|Any CPU
		{EF6E4FD0-8085-495F-9012-007EF7B4A402}.Debug|Any CPU.ActiveCfg = Debug|Any CPU
		{EF6E4FD0-8085-495F-9012-007EF7B4A402}.Debug|Any CPU.Build.0 = Debug|Any CPU
		{EF6E4FD0-8085-495F-9012-007EF7B4A402}.Release|Any CPU.ActiveCfg = Release|Any CPU
		{EF6E4FD0-8085-495F-9012-007EF7B4A402}.Release|Any CPU.Build.0 = Release|Any CPU
	EndGlobalSection
	GlobalSection(SolutionProperties) = preSolution
		HideSolutionNode = FALSE
	EndGlobalSection
	GlobalSection(NestedProjects) = preSolution
		{092B6349-6052-4ABA-9907-B69FDCE4207B} = {E2B5412A-8122-4FD0-9F16-BAFB02890FEF}
		{9AF276C4-3E8A-4383-8BBA-93B5AA0F0542} = {03A0DE1F-EADF-4283-834A-9BCB62622D6A}
		{B5DF70A2-203C-427F-B2B8-4FDECE7D7489} = {03A0DE1F-EADF-4283-834A-9BCB62622D6A}
		{2F8E736D-F660-4C40-9D2D-A3A29D57557C} = {B303F79A-E6C2-44DA-ACBC-3F2F020C808F}
		{FDD695DB-83CA-46A2-96A1-51641331D636} = {B303F79A-E6C2-44DA-ACBC-3F2F020C808F}
		{68F4F2D4-B5B5-4B19-836D-A346484161E2} = {04F2213C-492C-49EE-A12A-B1F71FC229C5}
		{650D4AD2-84DB-4B2E-9A05-8DDA5FA32552} = {04F2213C-492C-49EE-A12A-B1F71FC229C5}
		{7A8806FE-BFCD-4190-9DB0-67C85DDEB6B1} = {04F2213C-492C-49EE-A12A-B1F71FC229C5}
		{C7236C4B-2155-46D0-B844-6380C11225E1} = {E364F9E0-4588-454D-8BC5-5EAE7A251660}
		{7A567AA6-7924-435D-9C0D-8E763B4EF083} = {E364F9E0-4588-454D-8BC5-5EAE7A251660}
		{6CC2C271-4D77-4D45-A5ED-92126B8D089B} = {E364F9E0-4588-454D-8BC5-5EAE7A251660}
		{A45E0AFB-3674-4222-8015-347E24D41B3B} = {4021EAC8-DC24-49D5-8981-2375A32B36F6}
		{33C779B3-86D1-4F9A-BAA1-4B87ABCDD8E0} = {4021EAC8-DC24-49D5-8981-2375A32B36F6}
		{37960569-15E9-4854-BBCB-FB8CEDC90397} = {4021EAC8-DC24-49D5-8981-2375A32B36F6}
		{2301344F-EDF5-4BAA-90B8-C91C68DB9C66} = {4021EAC8-DC24-49D5-8981-2375A32B36F6}
		{09E7DEC7-E242-4FD3-AA23-675BE84F7473} = {4021EAC8-DC24-49D5-8981-2375A32B36F6}
		{443BB260-7847-432D-A9BF-C1EDDD5B836F} = {4021EAC8-DC24-49D5-8981-2375A32B36F6}
		{E4D5F7DF-CD85-4980-86FF-34F99FAE6D6B} = {E364F9E0-4588-454D-8BC5-5EAE7A251660}
		{C67F5118-7A46-4F0D-9F5A-6EDC638182FC} = {4021EAC8-DC24-49D5-8981-2375A32B36F6}
		{EF6E4FD0-8085-495F-9012-007EF7B4A402} = {E364F9E0-4588-454D-8BC5-5EAE7A251660}
	EndGlobalSection
	GlobalSection(ExtensibilityGlobals) = postSolution
		SolutionGuid = {6D5AB038-8F09-416E-84E3-BB99926A4F28}
	EndGlobalSection
EndGlobal
